
Microsoft Visual Studio Solution File, Format Version 12.00
# Visual Studio Version 17
VisualStudioVersion = 17.0.31912.275
MinimumVisualStudioVersion = 10.0.40219.1
Project("{9A19103F-16F7-4668-BE54-9A1E7A4F7556}") = "BlazorApp1.Server", "Server\BlazorApp1.Server.csproj", "{4DCF9877-7438-40E9-9B70-5DAF9D17713C}"
EndProject
Project("{9A19103F-16F7-4668-BE54-9A1E7A4F7556}") = "BlazorApp1.Client", "Client\BlazorApp1.Client.csproj", "{24793896-C3FF-4C2C-87CC-D61815D9D7E7}"
EndProject
Project("{9A19103F-16F7-4668-BE54-9A1E7A4F7556}") = "BlazorApp1.Shared", "Shared\BlazorApp1.Shared.csproj", "{12385FB9-84E6-4F66-A9DC-084A9F2ECE49}"
EndProject
Global
	GlobalSection(SolutionConfigurationPlatforms) = preSolution
		Debug|Any CPU = Debug|Any CPU
		Release|Any CPU = Release|Any CPU
	EndGlobalSection
	GlobalSection(ProjectConfigurationPlatforms) = postSolution
		{4DCF9877-7438-40E9-9B70-5DAF9D17713C}.Debug|Any CPU.ActiveCfg = Debug|Any CPU
		{4DCF9877-7438-40E9-9B70-5DAF9D17713C}.Debug|Any CPU.Build.0 = Debug|Any CPU
		{4DCF9877-7438-40E9-9B70-5DAF9D17713C}.Release|Any CPU.ActiveCfg = Release|Any CPU
		{4DCF9877-7438-40E9-9B70-5DAF9D17713C}.Release|Any CPU.Build.0 = Release|Any CPU
		{24793896-C3FF-4C2C-87CC-D61815D9D7E7}.Debug|Any CPU.ActiveCfg = Debug|Any CPU
		{24793896-C3FF-4C2C-87CC-D61815D9D7E7}.Debug|Any CPU.Build.0 = Debug|Any CPU
		{24793896-C3FF-4C2C-87CC-D61815D9D7E7}.Release|Any CPU.ActiveCfg = Release|Any CPU
		{24793896-C3FF-4C2C-87CC-D61815D9D7E7}.Release|Any CPU.Build.0 = Release|Any CPU
		{12385FB9-84E6-4F66-A9DC-084A9F2ECE49}.Debug|Any CPU.ActiveCfg = Debug|Any CPU
		{12385FB9-84E6-4F66-A9DC-084A9F2ECE49}.Debug|Any CPU.Build.0 = Debug|Any CPU
		{12385FB9-84E6-4F66-A9DC-084A9F2ECE49}.Release|Any CPU.ActiveCfg = Release|Any CPU
		{12385FB9-84E6-4F66-A9DC-084A9F2ECE49}.Release|Any CPU.Build.0 = Release|Any CPU
	EndGlobalSection
	GlobalSection(SolutionProperties) = preSolution
		HideSolutionNode = FALSE
	EndGlobalSection
	GlobalSection(ExtensibilityGlobals) = postSolution
		SolutionGuid = {828FD325-ECAD-44F1-A64F-1B9EDA50192C}
	EndGlobalSection
EndGlobal
